<?xml version="1.0" encoding="utf-8"?>
<Project ToolsVersion="4.0" xmlns="http://schemas.microsoft.com/developer/msbuild/2003">
  <ItemGroup>
    <Filter Include="소스 파일">
      <UniqueIdentifier>{4FC737F1-C7A5-4376-A066-2A32D752A2FF}</UniqueIdentifier>
      <Extensions>cpp;c;cc;cxx;c++;cppm;ixx;def;odl;idl;hpj;bat;asm;asmx</Extensions>
    </Filter>
    <Filter Include="헤더 파일">
      <UniqueIdentifier>{93995380-89BD-4b04-88EB-625FBE52EBFB}</UniqueIdentifier>
      <Extensions>h;hh;hpp;hxx;h++;hm;inl;inc;ipp;xsd</Extensions>
    </Filter>
    <Filter Include="리소스 파일">
      <UniqueIdentifier>{67DA6AB6-F800-4c08-8B7A-83BB121AAD01}</UniqueIdentifier>
      <Extensions>rc;ico;cur;bmp;dlg;rc2;rct;bin;rgs;gif;jpg;jpeg;jpe;resx;tiff;tif;png;wav;mfcribbon-ms</Extensions>
    </Filter>
    <Filter Include="HTTPS">
      <UniqueIdentifier>{8f848a64-3bd8-4327-9abf-cd5b773eb073}</UniqueIdentifier>
    </Filter>
    <Filter Include="Header">
      <UniqueIdentifier>{f8aad7b6-1940-45fc-8be0-0cb3bb973022}</UniqueIdentifier>
    </Filter>
  </ItemGroup>
  <ItemGroup>
    <ClInclude Include="DlgTool.h">
      <Filter>헤더 파일</Filter>
    </ClInclude>
    <ClInclude Include="KBinary.h">
      <Filter>헤더 파일</Filter>
    </ClInclude>
    <ClInclude Include="TimeTool.h">
      <Filter>헤더 파일</Filter>
    </ClInclude>
    <ClInclude Include="tchtool.h">
      <Filter>헤더 파일</Filter>
    </ClInclude>
    <ClInclude Include="inlinefnc.h">
      <Filter>헤더 파일</Filter>
    </ClInclude>
    <ClInclude Include="Kw_tool.h">
      <Filter>헤더 파일</Filter>
    </ClInclude>
    <ClInclude Include="KTemple.h">
      <Filter>헤더 파일</Filter>
    </ClInclude>
    <ClInclude Include="ktypedef.h">
      <Filter>헤더 파일</Filter>
    </ClInclude>
    <ClInclude Include="ThreadPool.h">
      <Filter>헤더 파일</Filter>
    </ClInclude>
    <ClInclude Include="Dictionary.h">
      <Filter>헤더 파일</Filter>
    </ClInclude>
    <ClInclude Include="kinterface.h">
      <Filter>헤더 파일</Filter>
    </ClInclude>
    <ClInclude Include="RbBase.h">
      <Filter>헤더 파일</Filter>
    </ClInclude>
    <ClInclude Include="HTTPS\HttpClient.h">
      <Filter>HTTPS</Filter>
    </ClInclude>
    <ClInclude Include="HTTPS\HTTPS.h">
      <Filter>HTTPS</Filter>
    </ClInclude>
    <ClInclude Include="HTTPS\HttpSvr.h">
      <Filter>HTTPS</Filter>
    </ClInclude>
    <ClInclude Include="HTTPS\SslConfig.h">
      <Filter>HTTPS</Filter>
    </ClInclude>
    <ClInclude Include="KDebug.h">
      <Filter>헤더 파일</Filter>
    </ClInclude>
    <ClInclude Include="framework.h">
      <Filter>Header</Filter>
    </ClInclude>
    <ClInclude Include="pch.h">
      <Filter>Header</Filter>
    </ClInclude>
    <ClInclude Include="targetver.h">
      <Filter>Header</Filter>
    </ClInclude>
    <ClInclude Include="enumval.h">
      <Filter>헤더 파일</Filter>
    </ClInclude>
    <ClInclude Include="Recordset.h">
      <Filter>헤더 파일</Filter>
    </ClInclude>
    <ClInclude Include="Archive.h">
      <Filter>헤더 파일</Filter>
    </ClInclude>
    <ClInclude Include="Lock.h">
      <Filter>헤더 파일</Filter>
    </ClInclude>
    <ClInclude Include="SrvException.h">
      <Filter>헤더 파일</Filter>
    </ClInclude>
    <ClInclude Include="stdecl.h">
      <Filter>헤더 파일</Filter>
    </ClInclude>
    <ClInclude Include="StrBuffer.h">
      <Filter>헤더 파일</Filter>
    </ClInclude>
    <ClInclude Include="KRect.h">
      <Filter>헤더 파일</Filter>
    </ClInclude>
    <ClInclude Include="KVal.h">
      <Filter>헤더 파일</Filter>
    </ClInclude>
    <ClInclude Include="MfcEx.h">
      <Filter>헤더 파일</Filter>
    </ClInclude>
    <ClInclude Include="UdpSvr.h">
      <Filter>헤더 파일</Filter>
    </ClInclude>
    <ClInclude Include="HttpError.h">
      <Filter>헤더 파일</Filter>
    </ClInclude>
    <ClInclude Include="GdiTool.h">
      <Filter>헤더 파일</Filter>
    </ClInclude>
    <ClInclude Include="KJson.h">
      <Filter>헤더 파일</Filter>
    </ClInclude>
    <ClInclude Include="RecQuat.h">
      <Filter>헤더 파일</Filter>
    </ClInclude>
  </ItemGroup>
  <ItemGroup>
    <ClCompile Include="KwLib64.cpp">
      <Filter>소스 파일</Filter>
    </ClCompile>
    <ClCompile Include="pch.cpp">
      <Filter>소스 파일</Filter>
    </ClCompile>
    <ClCompile Include="DlgTool.cpp">
      <Filter>소스 파일</Filter>
    </ClCompile>
    <ClCompile Include="KBinary.cpp">
      <Filter>소스 파일</Filter>
    </ClCompile>
    <ClCompile Include="TimeTool.cpp">
      <Filter>소스 파일</Filter>
    </ClCompile>
    <ClCompile Include="Kw_tool.cpp">
      <Filter>소스 파일</Filter>
    </ClCompile>
    <ClCompile Include="KTemple.cpp">
      <Filter>소스 파일</Filter>
    </ClCompile>
    <ClCompile Include="ThreadPool.cpp">
      <Filter>소스 파일</Filter>
    </ClCompile>
    <ClCompile Include="Dictionary.cpp">
      <Filter>소스 파일</Filter>
    </ClCompile>
    <ClCompile Include="kinterface.cpp">
      <Filter>소스 파일</Filter>
    </ClCompile>
    <ClCompile Include="RbBase.cpp">
      <Filter>소스 파일</Filter>
    </ClCompile>
    <ClCompile Include="HTTPS\HttpClient.cpp">
      <Filter>HTTPS</Filter>
    </ClCompile>
    <ClCompile Include="HTTPS\HTTPS.cpp">
      <Filter>HTTPS</Filter>
    </ClCompile>
    <ClCompile Include="HTTPS\HttpSvr.cpp">
      <Filter>HTTPS</Filter>
    </ClCompile>
    <ClCompile Include="HTTPS\SslConfig.cpp">
      <Filter>HTTPS</Filter>
    </ClCompile>
    <ClCompile Include="KDebug.cpp">
      <Filter>소스 파일</Filter>
    </ClCompile>
    <ClCompile Include="Recordset.cpp">
      <Filter>소스 파일</Filter>
    </ClCompile>
    <ClCompile Include="Archive.cpp">
      <Filter>소스 파일</Filter>
    </ClCompile>
    <ClCompile Include="Lock.cpp">
      <Filter>소스 파일</Filter>
    </ClCompile>
    <ClCompile Include="StrBuffer.cpp">
      <Filter>소스 파일</Filter>
    </ClCompile>
    <ClCompile Include="KRect.cpp">
      <Filter>소스 파일</Filter>
    </ClCompile>
    <ClCompile Include="KVal.cpp">
      <Filter>소스 파일</Filter>
    </ClCompile>
    <ClCompile Include="MfcEx.cpp">
      <Filter>소스 파일</Filter>
    </ClCompile>
    <ClCompile Include="UdpSvr.cpp">
      <Filter>소스 파일</Filter>
    </ClCompile>
    <ClCompile Include="SrvException.cpp">
      <Filter>소스 파일</Filter>
    </ClCompile>
    <ClCompile Include="HttpError.cpp">
      <Filter>소스 파일</Filter>
    </ClCompile>
    <ClCompile Include="GdiTool.cpp">
      <Filter>소스 파일</Filter>
    </ClCompile>
    <ClCompile Include="KJson.cpp">
      <Filter>소스 파일</Filter>
    </ClCompile>
    <ClCompile Include="RecQuat.cpp">
      <Filter>소스 파일</Filter>
    </ClCompile>
  </ItemGroup>
</Project>