<?xml version="1.0" encoding="utf-8"?>
<Project ToolsVersion="4.0" xmlns="http://schemas.microsoft.com/developer/msbuild/2003">
  <ItemGroup>
    <Filter Include="Source Files">
      <UniqueIdentifier>{4FC737F1-C7A5-4376-A066-2A32D752A2FF}</UniqueIdentifier>
      <Extensions>cpp;c;cc;cxx;c++;cppm;ixx;def;odl;idl;hpj;bat;asm;asmx</Extensions>
    </Filter>
    <Filter Include="Header Files">
      <UniqueIdentifier>{93995380-89BD-4b04-88EB-625FBE52EBFB}</UniqueIdentifier>
      <Extensions>h;hh;hpp;hxx;h++;hm;inl;inc;ipp;xsd</Extensions>
    </Filter>
    <Filter Include="Resource Files">
      <UniqueIdentifier>{67DA6AB6-F800-4c08-8B7A-83BB121AAD01}</UniqueIdentifier>
      <Extensions>rc;ico;cur;bmp;dlg;rc2;rct;bin;rgs;gif;jpg;jpeg;jpe;resx;tiff;tif;png;wav;mfcribbon-ms</Extensions>
    </Filter>
    <Filter Include="Cmn">
      <UniqueIdentifier>{d8dcd567-e47c-4ba7-b67f-a57b99a323e2}</UniqueIdentifier>
    </Filter>
    <Filter Include="Response">
      <UniqueIdentifier>{8810062c-758a-4ec1-bfdc-4dbeea5899b6}</UniqueIdentifier>
    </Filter>
    <Filter Include="Server">
      <UniqueIdentifier>{77abb651-2f5a-4578-8690-6681bf952591}</UniqueIdentifier>
    </Filter>
    <Filter Include="Wnd">
      <UniqueIdentifier>{7df39a9d-c6a5-4880-b34d-f858ce928278}</UniqueIdentifier>
    </Filter>
    <Filter Include="Pch Dependencies">
      <UniqueIdentifier>{0409dcec-afd8-4e2d-bdf6-7e2c41c3254a}</UniqueIdentifier>
    </Filter>
  </ItemGroup>
  <ItemGroup>
    <ClInclude Include="framework.h">
      <Filter>Header Files</Filter>
    </ClInclude>
    <ClInclude Include="targetver.h">
      <Filter>Header Files</Filter>
    </ClInclude>
    <ClInclude Include="ChildFrm.h">
      <Filter>Header Files</Filter>
    </ClInclude>
    <ClInclude Include="Resource.h">
      <Filter>Header Files</Filter>
    </ClInclude>
    <ClInclude Include="FileView.h">
      <Filter>Header Files</Filter>
    </ClInclude>
    <ClInclude Include="ClassView.h">
      <Filter>Header Files</Filter>
    </ClInclude>
    <ClInclude Include="ViewTree.h">
      <Filter>Header Files</Filter>
    </ClInclude>
    <ClInclude Include="PropertiesWnd.h">
      <Filter>Header Files</Filter>
    </ClInclude>
    <ClInclude Include="pch.h">
      <Filter>Header Files</Filter>
    </ClInclude>
    <ClInclude Include="OpenSSL.h">
      <Filter>Cmn</Filter>
    </ClInclude>
    <ClInclude Include="DlgOdbcSetting.h">
      <Filter>Wnd</Filter>
    </ClInclude>
    <ClInclude Include="DockOdbc.h">
      <Filter>Wnd</Filter>
    </ClInclude>
    <ClInclude Include="DockPane.h">
      <Filter>Wnd</Filter>
    </ClInclude>
    <ClInclude Include="DockTestApi.h">
      <Filter>Wnd</Filter>
    </ClInclude>
    <ClInclude Include="MainFrm.h">
      <Filter>Source Files</Filter>
    </ClInclude>
    <ClInclude Include="MFCExHttpsSrv.h">
      <Filter>Source Files</Filter>
    </ClInclude>
    <ClInclude Include="OutputWnd.h">
      <Filter>Source Files</Filter>
    </ClInclude>
    <ClInclude Include="SrvDoc.h">
      <Filter>Source Files</Filter>
    </ClInclude>
    <ClInclude Include="SrvView.h">
      <Filter>Source Files</Filter>
    </ClInclude>
    <ClInclude Include="CmnDoc.h">
      <Filter>Cmn</Filter>
    </ClInclude>
    <ClInclude Include="CmnView.h">
      <Filter>Cmn</Filter>
    </ClInclude>
    <ClInclude Include="DlgSizeAdjust.h">
      <Filter>Cmn</Filter>
    </ClInclude>
    <ClInclude Include="DlgSslSetting.h">
      <Filter>Cmn</Filter>
    </ClInclude>
    <ClInclude Include="ApiBase.h">
      <Filter>Response</Filter>
    </ClInclude>
    <ClInclude Include="ApiSite1.h">
      <Filter>Response</Filter>
    </ClInclude>
    <ClInclude Include="Response1.h">
      <Filter>Response</Filter>
    </ClInclude>
    <ClInclude Include="Cache.h">
      <Filter>Server</Filter>
    </ClInclude>
    <ClInclude Include="HttpsSvr.h">
      <Filter>Server</Filter>
    </ClInclude>
    <ClInclude Include="HttpSvr.h">
      <Filter>Server</Filter>
    </ClInclude>
    <ClInclude Include="..\..\..\Lib\KwLib64\DlgTool.h">
      <Filter>Pch Dependencies</Filter>
    </ClInclude>
    <ClInclude Include="..\..\..\Lib\KwLib64\Recordset.h">
      <Filter>Pch Dependencies</Filter>
    </ClInclude>
    <ClInclude Include="..\..\..\Lib\KwLib64\KJson.h">
      <Filter>Pch Dependencies</Filter>
    </ClInclude>
    <ClInclude Include="..\..\..\Lib\KwLib64\Kw_tool.h">
      <Filter>Pch Dependencies</Filter>
    </ClInclude>
    <ClInclude Include="..\..\..\Lib\KwLib64\stdecl.h">
      <Filter>Pch Dependencies</Filter>
    </ClInclude>
    <ClInclude Include="..\..\..\Lib\KwLib64\SrvException.h">
      <Filter>Pch Dependencies</Filter>
    </ClInclude>
    <ClInclude Include="DlgParallel.h">
      <Filter>Header Files</Filter>
    </ClInclude>
  </ItemGroup>
  <ItemGroup>
    <ClCompile Include="MFCExHttpsSrv.cpp">
      <Filter>Source Files</Filter>
    </ClCompile>
    <ClCompile Include="MainFrm.cpp">
      <Filter>Source Files</Filter>
    </ClCompile>
    <ClCompile Include="SrvDoc.cpp">
      <Filter>Source Files</Filter>
    </ClCompile>
    <ClCompile Include="SrvView.cpp">
      <Filter>Source Files</Filter>
    </ClCompile>
    <ClCompile Include="OutputWnd.cpp">
      <Filter>Source Files</Filter>
    </ClCompile>
    <ClCompile Include="OpenSSL.cpp">
      <Filter>Cmn</Filter>
    </ClCompile>
    <ClCompile Include="DlgOdbcSetting.cpp">
      <Filter>Wnd</Filter>
    </ClCompile>
    <ClCompile Include="DockOdbc.cpp">
      <Filter>Wnd</Filter>
    </ClCompile>
    <ClCompile Include="DockPane.cpp">
      <Filter>Wnd</Filter>
    </ClCompile>
    <ClCompile Include="DockTestApi.cpp">
      <Filter>Wnd</Filter>
    </ClCompile>
    <ClCompile Include="ChildFrm.cpp">
      <Filter>Header Files</Filter>
    </ClCompile>
    <ClCompile Include="ClassView.cpp">
      <Filter>Header Files</Filter>
    </ClCompile>
    <ClCompile Include="FileView.cpp">
      <Filter>Header Files</Filter>
    </ClCompile>
    <ClCompile Include="PropertiesWnd.cpp">
      <Filter>Header Files</Filter>
    </ClCompile>
    <ClCompile Include="pch.cpp">
      <Filter>Header Files</Filter>
    </ClCompile>
    <ClCompile Include="ViewTree.cpp">
      <Filter>Header Files</Filter>
    </ClCompile>
    <ClCompile Include="CmnDoc.cpp">
      <Filter>Cmn</Filter>
    </ClCompile>
    <ClCompile Include="CmnView.cpp">
      <Filter>Cmn</Filter>
    </ClCompile>
    <ClCompile Include="DlgSizeAdjust.cpp">
      <Filter>Cmn</Filter>
    </ClCompile>
    <ClCompile Include="DlgSslSetting.cpp">
      <Filter>Cmn</Filter>
    </ClCompile>
    <ClCompile Include="ApiBase.cpp">
      <Filter>Response</Filter>
    </ClCompile>
    <ClCompile Include="ApiSite1.cpp">
      <Filter>Response</Filter>
    </ClCompile>
    <ClCompile Include="ApiSite1Order.cpp">
      <Filter>Response</Filter>
    </ClCompile>
    <ClCompile Include="Apisite1Search.cpp">
      <Filter>Response</Filter>
    </ClCompile>
    <ClCompile Include="ApiSite1SMP.cpp">
      <Filter>Response</Filter>
    </ClCompile>
    <ClCompile Include="Response1.cpp">
      <Filter>Response</Filter>
    </ClCompile>
    <ClCompile Include="Cache.cpp">
      <Filter>Server</Filter>
    </ClCompile>
    <ClCompile Include="HttpsSvr.cpp">
      <Filter>Server</Filter>
    </ClCompile>
    <ClCompile Include="HttpSvr.cpp">
      <Filter>Server</Filter>
    </ClCompile>
    <ClCompile Include="DlgParallel.cpp">
      <Filter>Source Files</Filter>
    </ClCompile>
  </ItemGroup>
  <ItemGroup>
    <None Include="MFCExHttpsSrv.reg" />
    <None Include="res\ribbon.mfcribbon-ms">
      <Filter>Resource Files</Filter>
    </None>
    <None Include="res\MFCExHttpsSrv.rc2">
      <Filter>Resource Files</Filter>
    </None>
  </ItemGroup>
  <ItemGroup>
    <ResourceCompile Include="MFCExHttpsSrv.rc">
      <Filter>Resource Files</Filter>
    </ResourceCompile>
  </ItemGroup>
  <ItemGroup>
    <Image Include="res\file_view.ico">
      <Filter>Resource Files</Filter>
    </Image>
    <Image Include="res\file_view_hc.ico">
      <Filter>Resource Files</Filter>
    </Image>
    <Image Include="res\class_view.ico">
      <Filter>Resource Files</Filter>
    </Image>
    <Image Include="res\class_view_hc.ico">
      <Filter>Resource Files</Filter>
    </Image>
    <Image Include="res\fileview.bmp">
      <Filter>Resource Files</Filter>
    </Image>
    <Image Include="res\fileview_hc.bmp">
      <Filter>Resource Files</Filter>
    </Image>
    <Image Include="res\classview.bmp">
      <Filter>Resource Files</Filter>
    </Image>
    <Image Include="res\classview_hc.bmp">
      <Filter>Resource Files</Filter>
    </Image>
    <Image Include="res\explorer.bmp">
      <Filter>Resource Files</Filter>
    </Image>
    <Image Include="res\explorer_hc.bmp">
      <Filter>Resource Files</Filter>
    </Image>
    <Image Include="res\sort.bmp">
      <Filter>Resource Files</Filter>
    </Image>
    <Image Include="res\sort_hc.bmp">
      <Filter>Resource Files</Filter>
    </Image>
    <Image Include="res\menuimages.bmp">
      <Filter>Resource Files</Filter>
    </Image>
    <Image Include="res\menuimages_hc.bmp">
      <Filter>Resource Files</Filter>
    </Image>
    <Image Include="res\output_wnd.ico">
      <Filter>Resource Files</Filter>
    </Image>
    <Image Include="res\output_wnd_hc.ico">
      <Filter>Resource Files</Filter>
    </Image>
    <Image Include="res\properties_wnd.ico">
      <Filter>Resource Files</Filter>
    </Image>
    <Image Include="res\properties_wnd_hc.ico">
      <Filter>Resource Files</Filter>
    </Image>
    <Image Include="res\properties.bmp">
      <Filter>Resource Files</Filter>
    </Image>
    <Image Include="res\properties_hc.bmp">
      <Filter>Resource Files</Filter>
    </Image>
    <Image Include="res\info.bmp">
      <Filter>Resource Files</Filter>
    </Image>
    <Image Include="res\buttons.bmp">
      <Filter>Resource Files</Filter>
    </Image>
    <Image Include="res\filelarge.bmp">
      <Filter>Resource Files</Filter>
    </Image>
    <Image Include="res\filesmall.bmp">
      <Filter>Resource Files</Filter>
    </Image>
    <Image Include="res\main.bmp">
      <Filter>Resource Files</Filter>
    </Image>
    <Image Include="res\writelarge.bmp">
      <Filter>Resource Files</Filter>
    </Image>
    <Image Include="res\writesmall.bmp">
      <Filter>Resource Files</Filter>
    </Image>
    <Image Include="res\MFCExHttpsSrvDoc.ico">
      <Filter>Resource Files</Filter>
    </Image>
    <Image Include="res\MFCExHttpsSrv.ico">
      <Filter>Resource Files</Filter>
    </Image>
    <Image Include="res\Toolbar.bmp">
      <Filter>Resource Files</Filter>
    </Image>
    <Image Include="res\Toolbar256.bmp">
      <Filter>Resource Files</Filter>
    </Image>
    <Image Include="res\bitmap1.bmp">
      <Filter>Resource Files</Filter>
    </Image>
    <Image Include="res\writelarge1.bmp">
      <Filter>Resource Files</Filter>
    </Image>
    <Image Include="res\ico00008.ico">
      <Filter>Resource Files</Filter>
    </Image>
    <Image Include="res\docktest.ico">
      <Filter>Resource Files</Filter>
    </Image>
  </ItemGroup>
</Project>