<?xml version="1.0" encoding="utf-8"?>
<Project ToolsVersion="4.0" xmlns="http://schemas.microsoft.com/developer/msbuild/2003">
  <ItemGroup>
    <Filter Include="소스 파일">
      <UniqueIdentifier>{4FC737F1-C7A5-4376-A066-2A32D752A2FF}</UniqueIdentifier>
      <Extensions>cpp;c;cc;cxx;c++;cppm;ixx;def;odl;idl;hpj;bat;asm;asmx</Extensions>
    </Filter>
    <Filter Include="헤더 파일">
      <UniqueIdentifier>{93995380-89BD-4b04-88EB-625FBE52EBFB}</UniqueIdentifier>
      <Extensions>h;hh;hpp;hxx;h++;hm;inl;inc;ipp;xsd</Extensions>
    </Filter>
    <Filter Include="리소스 파일">
      <UniqueIdentifier>{67DA6AB6-F800-4c08-8B7A-83BB121AAD01}</UniqueIdentifier>
      <Extensions>rc;ico;cur;bmp;dlg;rc2;rct;bin;rgs;gif;jpg;jpeg;jpe;resx;tiff;tif;png;wav;mfcribbon-ms</Extensions>
    </Filter>
    <Filter Include="Response">
      <UniqueIdentifier>{26ab24e5-0e10-4c91-aa79-51c11b0ea64d}</UniqueIdentifier>
    </Filter>
    <Filter Include="Server">
      <UniqueIdentifier>{1fd6490d-e01e-4ecc-84ae-10d18bce21d3}</UniqueIdentifier>
    </Filter>
    <Filter Include="Cmn">
      <UniqueIdentifier>{e1e00f90-d714-44b3-925b-e55fec4cba02}</UniqueIdentifier>
    </Filter>
  </ItemGroup>
  <ItemGroup>
    <ClInclude Include="framework.h">
      <Filter>헤더 파일</Filter>
    </ClInclude>
    <ClInclude Include="targetver.h">
      <Filter>헤더 파일</Filter>
    </ClInclude>
    <ClInclude Include="pch.h">
      <Filter>헤더 파일</Filter>
    </ClInclude>
    <ClInclude Include="Response1.h">
      <Filter>Response</Filter>
    </ClInclude>
    <ClInclude Include="Cache.h">
      <Filter>Server</Filter>
    </ClInclude>
    <ClInclude Include="HttpsSvr.h">
      <Filter>Server</Filter>
    </ClInclude>
    <ClInclude Include="HttpSvr.h">
      <Filter>Server</Filter>
    </ClInclude>
    <ClInclude Include="ApiBase.h">
      <Filter>Response</Filter>
    </ClInclude>
    <ClInclude Include="ApiSite1.h">
      <Filter>Response</Filter>
    </ClInclude>
    <ClInclude Include="DlgSizeAdjust.h">
      <Filter>Cmn</Filter>
    </ClInclude>
    <ClInclude Include="DlgSslSetting.h">
      <Filter>Cmn</Filter>
    </ClInclude>
    <ClInclude Include="CmnDoc.h">
      <Filter>Cmn</Filter>
    </ClInclude>
    <ClInclude Include="CmnView.h">
      <Filter>Cmn</Filter>
    </ClInclude>
    <ClInclude Include="ChildFrm.h">
      <Filter>소스 파일</Filter>
    </ClInclude>
    <ClInclude Include="MainFrm.h">
      <Filter>소스 파일</Filter>
    </ClInclude>
    <ClInclude Include="MFCAppServerEx2Doc.h">
      <Filter>소스 파일</Filter>
    </ClInclude>
    <ClInclude Include="MFCAppServerEx2.h">
      <Filter>소스 파일</Filter>
    </ClInclude>
    <ClInclude Include="MFCServerView.h">
      <Filter>소스 파일</Filter>
    </ClInclude>
    <ClInclude Include="Resource.h">
      <Filter>소스 파일</Filter>
    </ClInclude>
  </ItemGroup>
  <ItemGroup>
    <ClCompile Include="MFCAppServerEx2.cpp">
      <Filter>소스 파일</Filter>
    </ClCompile>
    <ClCompile Include="MainFrm.cpp">
      <Filter>소스 파일</Filter>
    </ClCompile>
    <ClCompile Include="ChildFrm.cpp">
      <Filter>소스 파일</Filter>
    </ClCompile>
    <ClCompile Include="MFCAppServerEx2Doc.cpp">
      <Filter>소스 파일</Filter>
    </ClCompile>
    <ClCompile Include="MFCServerView.cpp">
      <Filter>소스 파일</Filter>
    </ClCompile>
    <ClCompile Include="pch.cpp">
      <Filter>소스 파일</Filter>
    </ClCompile>
    <ClCompile Include="Response1.cpp">
      <Filter>Response</Filter>
    </ClCompile>
    <ClCompile Include="Cache.cpp">
      <Filter>Server</Filter>
    </ClCompile>
    <ClCompile Include="HttpsSvr.cpp">
      <Filter>Server</Filter>
    </ClCompile>
    <ClCompile Include="HttpSvr.cpp">
      <Filter>Server</Filter>
    </ClCompile>
    <ClCompile Include="ApiBase.cpp">
      <Filter>Response</Filter>
    </ClCompile>
    <ClCompile Include="ApiSite1.cpp">
      <Filter>Response</Filter>
    </ClCompile>
    <ClCompile Include="ApiSite1Order.cpp">
      <Filter>Response</Filter>
    </ClCompile>
    <ClCompile Include="Apisite1Search.cpp">
      <Filter>Response</Filter>
    </ClCompile>
    <ClCompile Include="ApiSite1SMP.cpp">
      <Filter>Response</Filter>
    </ClCompile>
    <ClCompile Include="DlgSslSetting.cpp">
      <Filter>Cmn</Filter>
    </ClCompile>
    <ClCompile Include="DlgSizeAdjust.cpp">
      <Filter>Cmn</Filter>
    </ClCompile>
    <ClCompile Include="CmnDoc.cpp">
      <Filter>Cmn</Filter>
    </ClCompile>
    <ClCompile Include="CmnView.cpp">
      <Filter>Cmn</Filter>
    </ClCompile>
  </ItemGroup>
  <ItemGroup>
    <None Include="MFCAppServerEx2.reg" />
    <None Include="res\MFCAppServerEx2.rc2">
      <Filter>리소스 파일</Filter>
    </None>
  </ItemGroup>
  <ItemGroup>
    <ResourceCompile Include="MFCAppServerEx2.rc">
      <Filter>리소스 파일</Filter>
    </ResourceCompile>
  </ItemGroup>
  <ItemGroup>
    <Image Include="res\MFCAppServerEx2Doc.ico">
      <Filter>리소스 파일</Filter>
    </Image>
    <Image Include="res\MFCAppServerEx2.ico">
      <Filter>리소스 파일</Filter>
    </Image>
    <Image Include="res\Toolbar.bmp">
      <Filter>리소스 파일</Filter>
    </Image>
  </ItemGroup>
</Project>